
Microsoft Visual Studio Solution File, Format Version 12.00
# Visual Studio Version 16
VisualStudioVersion = 16.0.30711.63
MinimumVisualStudioVersion = 10.0.40219.1
Project("{FAE04EC0-301F-11D3-BF4B-00C04F79EFBC}") = "ServiceKit.Api", "ServiceKit\ServiceKit.Api.csproj", "{CEB98045-06F3-4660-A8EB-9B3F2C3E210C}"
EndProject
Project("{FAE04EC0-301F-11D3-BF4B-00C04F79EFBC}") = "ServiceKit.Contracts", "ServiceKit.Contracts\ServiceKit.Contracts.csproj", "{BA38390A-F177-40AD-AF0C-ABE24CA65114}"
EndProject
Project("{FAE04EC0-301F-11D3-BF4B-00C04F79EFBC}") = "ServiceKit.Sdk", "ServiceKit.Sdk\ServiceKit.Sdk.csproj", "{C0383522-0AFF-405D-A4D1-1745778549F5}"
EndProject
Project("{FAE04EC0-301F-11D3-BF4B-00C04F79EFBC}") = "ServiceKit.TestApp", "ServiceKit.TestApp\ServiceKit.TestApp.csproj", "{582C114E-F35B-447F-8A17-BA1D5918C3BA}"
EndProject
Global
	GlobalSection(SolutionConfigurationPlatforms) = preSolution
		Debug|Any CPU = Debug|Any CPU
		Release|Any CPU = Release|Any CPU
	EndGlobalSection
	GlobalSection(ProjectConfigurationPlatforms) = postSolution
		{CEB98045-06F3-4660-A8EB-9B3F2C3E210C}.Debug|Any CPU.ActiveCfg = Debug|Any CPU
		{CEB98045-06F3-4660-A8EB-9B3F2C3E210C}.Debug|Any CPU.Build.0 = Debug|Any CPU
		{CEB98045-06F3-4660-A8EB-9B3F2C3E210C}.Release|Any CPU.ActiveCfg = Release|Any CPU
		{CEB98045-06F3-4660-A8EB-9B3F2C3E210C}.Release|Any CPU.Build.0 = Release|Any CPU
		{BA38390A-F177-40AD-AF0C-ABE24CA65114}.Debug|Any CPU.ActiveCfg = Debug|Any CPU
		{BA38390A-F177-40AD-AF0C-ABE24CA65114}.Debug|Any CPU.Build.0 = Debug|Any CPU
		{BA38390A-F177-40AD-AF0C-ABE24CA65114}.Release|Any CPU.ActiveCfg = Release|Any CPU
		{BA38390A-F177-40AD-AF0C-ABE24CA65114}.Release|Any CPU.Build.0 = Release|Any CPU
		{C0383522-0AFF-405D-A4D1-1745778549F5}.Debug|Any CPU.ActiveCfg = Debug|Any CPU
		{C0383522-0AFF-405D-A4D1-1745778549F5}.Debug|Any CPU.Build.0 = Debug|Any CPU
		{C0383522-0AFF-405D-A4D1-1745778549F5}.Release|Any CPU.ActiveCfg = Release|Any CPU
		{C0383522-0AFF-405D-A4D1-1745778549F5}.Release|Any CPU.Build.0 = Release|Any CPU
		{582C114E-F35B-447F-8A17-BA1D5918C3BA}.Debug|Any CPU.ActiveCfg = Debug|Any CPU
		{582C114E-F35B-447F-8A17-BA1D5918C3BA}.Debug|Any CPU.Build.0 = Debug|Any CPU
		{582C114E-F35B-447F-8A17-BA1D5918C3BA}.Release|Any CPU.ActiveCfg = Release|Any CPU
		{582C114E-F35B-447F-8A17-BA1D5918C3BA}.Release|Any CPU.Build.0 = Release|Any CPU
	EndGlobalSection
	GlobalSection(SolutionProperties) = preSolution
		HideSolutionNode = FALSE
	EndGlobalSection
	GlobalSection(ExtensibilityGlobals) = postSolution
		SolutionGuid = {81E9977A-BB1D-46AB-8CAA-F6DCD7F19BD3}
	EndGlobalSection
EndGlobal
